{
  "requires": true,
  "lockfileVersion": 1,
  "dependencies": {
    "@syncfusion/ej2-base": {
      "version": "16.2.50",
      "resolved": "https://registry.npmjs.org/@syncfusion/ej2-base/-/ej2-base-16.2.50.tgz",
      "integrity": "sha512-QBUTiiRVkSexwlMLUrPX4T7ihnHGK800mTQUYo7EqbIC+jKRNf/qpw7HD8mDsb93uBA4VWB1k26IoDLN+TqBWA=="
    },
    "@syncfusion/ej2-buttons": {
      "version": "16.2.50",
      "resolved": "https://registry.npmjs.org/@syncfusion/ej2-buttons/-/ej2-buttons-16.2.50.tgz",
      "integrity": "sha512-UN0xeV/lLSM1NGjpC3kwv7kP7aX6WeS3mV1AbILAWVuKDG/QqQnea6bh4kFkSBnkTR+AkGxoEOKpLhjLCgOgnA==",
      "requires": {
        "@syncfusion/ej2-base": "~16.2.50"
      }
    },
    "@syncfusion/ej2-calendars": {
      "version": "16.2.50",
      "resolved": "https://registry.npmjs.org/@syncfusion/ej2-calendars/-/ej2-calendars-16.2.50.tgz",
      "integrity": "sha512-SWc2t1cqFlaRAY/hh/yY6vtiVeHtCONBVic+PhGteMRstPBXK+fI2YrwbAjhothtU+q8Laxa9/i3mVb2BWDj8A==",
      "requires": {
        "@syncfusion/ej2-base": "~16.2.50",
        "@syncfusion/ej2-buttons": "~16.2.50",
        "@syncfusion/ej2-inputs": "~16.2.50",
        "@syncfusion/ej2-lists": "~16.2.50",
        "@syncfusion/ej2-popups": "~16.2.50"
      }
    },
    "@syncfusion/ej2-compression": {
      "version": "16.2.50",
      "resolved": "https://registry.npmjs.org/@syncfusion/ej2-compression/-/ej2-compression-16.2.50.tgz",
      "integrity": "sha512-CB/5MQn3C18NPilMN0RSx7QcAaDsz9xdkbJs0FQTypDu7xBS++FcVGdjpYZCoHEaBk9VLbEroT6QUaSoA5Xz6g==",
      "requires": {
        "@syncfusion/ej2-file-utils": "~16.2.50"
      }
    },
    "@syncfusion/ej2-data": {
      "version": "16.2.50",
      "resolved": "https://registry.npmjs.org/@syncfusion/ej2-data/-/ej2-data-16.2.50.tgz",
      "integrity": "sha512-4St6LDMw8XCwUcz1kAijTNUdehqqBuM2dIan6McRVk4f28uZDe9gRPzZrB7uop3UUjAnVhc11exA5Jq3PkNfFQ==",
      "requires": {
        "@syncfusion/ej2-base": "~16.2.50"
      }
    },
    "@syncfusion/ej2-dropdowns": {
      "version": "16.2.50",
      "resolved": "https://registry.npmjs.org/@syncfusion/ej2-dropdowns/-/ej2-dropdowns-16.2.50.tgz",
      "integrity": "sha512-IflGEdNJfrmhkoRvCPLuXTYW+kNLfm7odIkOHbYLkTQJvhcxgaCuK3wMteCztRKZqNqXVdo9fcLi9CvK9wqHwg==",
      "requires": {
        "@syncfusion/ej2-base": "~16.2.50",
        "@syncfusion/ej2-data": "~16.2.50",
        "@syncfusion/ej2-inputs": "~16.2.50",
        "@syncfusion/ej2-lists": "~16.2.50",
        "@syncfusion/ej2-popups": "~16.2.50"
      }
    },
    "@syncfusion/ej2-excel-export": {
      "version": "16.2.50",
      "resolved": "https://registry.npmjs.org/@syncfusion/ej2-excel-export/-/ej2-excel-export-16.2.50.tgz",
      "integrity": "sha512-bAqFV9VoR7toUXeEG+vePeyDDpsBI8JLG3cRt++AjLOg9vcW8mWLKa9cyRDjnuPbswZpr9KldsCzKyJUCI6lCQ==",
      "requires": {
        "@syncfusion/ej2-base": "~16.2.50",
        "@syncfusion/ej2-compression": "~16.2.50"
      }
    },
    "@syncfusion/ej2-file-utils": {
      "version": "16.2.50",
      "resolved": "https://registry.npmjs.org/@syncfusion/ej2-file-utils/-/ej2-file-utils-16.2.50.tgz",
      "integrity": "sha512-URbvdMLADVQ5z8pkY+RI/ObM/d0r8vdPc/XFjhmm8LmH9WN7jXDePbZEfEtj87pZ88V7BTVIAlXDPtiQkEuT0g=="
    },
    "@syncfusion/ej2-grids": {
      "version": "16.2.50",
      "resolved": "https://registry.npmjs.org/@syncfusion/ej2-grids/-/ej2-grids-16.2.50.tgz",
      "integrity": "sha512-QENud01+ZoLygLS5hx7K8fshD/yNVVLB/1BMyzTDRRUC0x7m3DtLUgoYvioVmeSYMPtvK85/20P5RDRGziG/mQ==",
      "requires": {
        "@syncfusion/ej2-base": "~16.2.50",
        "@syncfusion/ej2-buttons": "~16.2.50",
        "@syncfusion/ej2-calendars": "~16.2.50",
        "@syncfusion/ej2-compression": "~16.2.50",
        "@syncfusion/ej2-data": "~16.2.50",
        "@syncfusion/ej2-dropdowns": "~16.2.50",
        "@syncfusion/ej2-excel-export": "~16.2.50",
        "@syncfusion/ej2-file-utils": "~16.2.50",
        "@syncfusion/ej2-inputs": "~16.2.50",
        "@syncfusion/ej2-lists": "~16.2.50",
        "@syncfusion/ej2-navigations": "~16.2.50",
        "@syncfusion/ej2-pdf-export": "~16.2.50",
        "@syncfusion/ej2-popups": "~16.2.50",
        "@syncfusion/ej2-splitbuttons": "~16.2.50"
      }
    },
    "@syncfusion/ej2-inputs": {
      "version": "16.2.50",
      "resolved": "https://registry.npmjs.org/@syncfusion/ej2-inputs/-/ej2-inputs-16.2.50.tgz",
      "integrity": "sha512-ryjGhGv2lG0ecYWI5ycaJEq3u0wDUzhleYNkBGrN+hApdpbbUC/kjJLk5qR4hIAEeo2lNogHV1hM5S1xADaw9w==",
      "requires": {
        "@syncfusion/ej2-base": "~16.2.50",
        "@syncfusion/ej2-buttons": "~16.2.50",
        "@syncfusion/ej2-popups": "~16.2.50",
        "@syncfusion/ej2-splitbuttons": "~16.2.50"
      }
    },
    "@syncfusion/ej2-lists": {
      "version": "16.2.50",
      "resolved": "https://registry.npmjs.org/@syncfusion/ej2-lists/-/ej2-lists-16.2.50.tgz",
      "integrity": "sha512-QZcgNW6aUud1tYNOoldfKs+nT9Wr8q0k2orMEjsEY1elIR2Wp7ych53s85ze9HHAMsJgGtoDQLVMGrUutyeyIQ==",
      "requires": {
        "@syncfusion/ej2-base": "~16.2.50",
        "@syncfusion/ej2-buttons": "~16.2.50",
        "@syncfusion/ej2-data": "~16.2.50"
      }
    },
    "@syncfusion/ej2-navigations": {
      "version": "16.2.50",
      "resolved": "https://registry.npmjs.org/@syncfusion/ej2-navigations/-/ej2-navigations-16.2.50.tgz",
      "integrity": "sha512-TuJORqE2GujpUT/06lkBGBxqC610iKIYdh+jKVro0W+S1tZytMGcLy4eK9PRpo3dDlHqnsT8rzIISL8QovzbIQ==",
      "requires": {
        "@syncfusion/ej2-base": "~16.2.50",
        "@syncfusion/ej2-buttons": "~16.2.50",
        "@syncfusion/ej2-data": "~16.2.50",
        "@syncfusion/ej2-inputs": "~16.2.50",
        "@syncfusion/ej2-lists": "~16.2.50",
        "@syncfusion/ej2-popups": "~16.2.50"
      }
    },
    "@syncfusion/ej2-ng-base": {
      "version": "16.2.50",
      "resolved": "https://registry.npmjs.org/@syncfusion/ej2-ng-base/-/ej2-ng-base-16.2.50.tgz",
      "integrity": "sha512-5UIyNEQHbtj/wchSH4c8GOCoJ3QUWmEQNr03A5HU4fp3DoWIqKuF6vuKDNJO1zV6KMFmBmNVD4UPJe+KTP+EOw==",
      "requires": {
        "@syncfusion/ej2-base": "~16.2.50",
        "core-js": "^2.4.1",
        "reflect-metadata": "^0.1.9",
        "rxjs": "^5.0.0",
        "zone.js": "^0.7.2"
      }
    },
    "@syncfusion/ej2-ng-grids": {
      "version": "16.2.50",
      "resolved": "https://registry.npmjs.org/@syncfusion/ej2-ng-grids/-/ej2-ng-grids-16.2.50.tgz",
      "integrity": "sha512-Xxuru/FtU7l3b0KerWGJtypwApl3D9LXKaMMekPI6FfLg2OUe9/rKc8BOhpIKaUZDotVJ9NfIRpSNWz4KjTVOA==",
      "requires": {
        "@syncfusion/ej2-base": "~16.2.50",
        "@syncfusion/ej2-grids": "16.2.50",
        "@syncfusion/ej2-ng-base": "~16.2.50"
      }
    },
    "@syncfusion/ej2-pdf-export": {
      "version": "16.2.50",
      "resolved": "https://registry.npmjs.org/@syncfusion/ej2-pdf-export/-/ej2-pdf-export-16.2.50.tgz",
      "integrity": "sha512-fpiVsbuVdDZEJLg/qBJIXJxKGzlgYcX0KVv71x1Cwm6De8GhqyGFKaolyejOtzbmzD6f2omjcCBJoTiDnbbekA==",
      "requires": {
        "@syncfusion/ej2-compression": "~16.2.50"
      }
    },
    "@syncfusion/ej2-popups": {
      "version": "16.2.50",
      "resolved": "https://registry.npmjs.org/@syncfusion/ej2-popups/-/ej2-popups-16.2.50.tgz",
      "integrity": "sha512-9hxnzN93+MXbgBeqN7UapmcQqNtJ11MvLe9fXhPLOUUQSO8Fn3nTA6CXo4s6pUu9yRMYexCibSWHu1yPqOR7lA==",
      "requires": {
        "@syncfusion/ej2-base": "~16.2.50",
        "@syncfusion/ej2-buttons": "~16.2.50"
      }
    },
    "@syncfusion/ej2-splitbuttons": {
      "version": "16.2.50",
      "resolved": "https://registry.npmjs.org/@syncfusion/ej2-splitbuttons/-/ej2-splitbuttons-16.2.50.tgz",
      "integrity": "sha512-gfAxovIJY8+EWD+jM6ErAxqD6Fdh1GviE1qMluVWDSbcfTnv77IAxqj/9RB8R4q5efw0A9tqdejtgwu62UqGzA==",
      "requires": {
        "@syncfusion/ej2-base": "~16.2.50",
        "@syncfusion/ej2-popups": "~16.2.50"
      }
    },
    "core-js": {
      "version": "2.5.7",
      "resolved": "https://registry.npmjs.org/core-js/-/core-js-2.5.7.tgz",
      "integrity": "sha512-RszJCAxg/PP6uzXVXL6BsxSXx/B05oJAQ2vkJRjyjrEcNVycaqOmNb5OTxZPE3xa5gwZduqza6L9JOCenh/Ecw=="
    },
    "reflect-metadata": {
      "version": "0.1.12",
      "resolved": "https://registry.npmjs.org/reflect-metadata/-/reflect-metadata-0.1.12.tgz",
      "integrity": "sha512-n+IyV+nGz3+0q3/Yf1ra12KpCyi001bi4XFxSjbiWWjfqb52iTTtpGXmCCAOWWIAn9KEuFZKGqBERHmrtScZ3A=="
    },
    "rxjs": {
      "version": "5.5.12",
      "resolved": "https://registry.npmjs.org/rxjs/-/rxjs-5.5.12.tgz",
      "integrity": "sha512-xx2itnL5sBbqeeiVgNPVuQQ1nC8Jp2WfNJhXWHmElW9YmrpS9UVnNzhP3EH3HFqexO5Tlp8GhYY+WEcqcVMvGw==",
      "requires": {
        "symbol-observable": "1.0.1"
      }
    },
    "symbol-observable": {
      "version": "1.0.1",
      "resolved": "https://registry.npmjs.org/symbol-observable/-/symbol-observable-1.0.1.tgz",
      "integrity": "sha1-g0D8RwLDEi310iKI+IKD9RPT/dQ="
    },
    "zone.js": {
      "version": "0.7.8",
      "resolved": "https://registry.npmjs.org/zone.js/-/zone.js-0.7.8.tgz",
      "integrity": "sha1-Tz/og01EWX8mOQU6D6Q43zT//e0="
    }
  }
}
